// !$*UTF8*$!
{
	archiveVersion = 1;
	classes = {
	};
	objectVersion = 50;
	objects = {

/* Begin PBXBuildFile section */
		D600DE1122BB30CD00718571 /* AppDelegate.swift in Sources */ = {isa = PBXBuildFile; fileRef = D600DE1022BB30CD00718571 /* AppDelegate.swift */; };
		D600DE1622BB30CD00718571 /* Main.storyboard in Resources */ = {isa = PBXBuildFile; fileRef = D600DE1422BB30CD00718571 /* Main.storyboard */; };
		D600DE1822BB30CE00718571 /* Assets.xcassets in Resources */ = {isa = PBXBuildFile; fileRef = D600DE1722BB30CE00718571 /* Assets.xcassets */; };
		D600DE1B22BB30CE00718571 /* LaunchScreen.storyboard in Resources */ = {isa = PBXBuildFile; fileRef = D600DE1922BB30CE00718571 /* LaunchScreen.storyboard */; };
		D600DE2622BB30CE00718571 /* EmojiArtTests.swift in Sources */ = {isa = PBXBuildFile; fileRef = D600DE2522BB30CE00718571 /* EmojiArtTests.swift */; };
		D600DE3122BB30CE00718571 /* EmojiArtUITests.swift in Sources */ = {isa = PBXBuildFile; fileRef = D600DE3022BB30CE00718571 /* EmojiArtUITests.swift */; };
		D600DE4022BB321500718571 /* EmojiArtViewController.swift in Sources */ = {isa = PBXBuildFile; fileRef = D600DE3F22BB321500718571 /* EmojiArtViewController.swift */; };
		D600DE4222BB32D400718571 /* EmojiArtView.swift in Sources */ = {isa = PBXBuildFile; fileRef = D600DE4122BB32D400718571 /* EmojiArtView.swift */; };
		D600DE4822BF4D5500718571 /* Utilities.swift in Sources */ = {isa = PBXBuildFile; fileRef = D600DE4722BF4D5500718571 /* Utilities.swift */; };
		D600DE4C22C0EE9D00718571 /* EmojiArtDocumentTableViewController.swift in Sources */ = {isa = PBXBuildFile; fileRef = D600DE4B22C0EE9D00718571 /* EmojiArtDocumentTableViewController.swift */; };
/* End PBXBuildFile section */

/* Begin PBXContainerItemProxy section */
		D600DE2222BB30CE00718571 /* PBXContainerItemProxy */ = {
			isa = PBXContainerItemProxy;
			containerPortal = D600DE0522BB30CD00718571 /* Project object */;
			proxyType = 1;
			remoteGlobalIDString = D600DE0C22BB30CD00718571;
			remoteInfo = EmojiArt;
		};
		D600DE2D22BB30CE00718571 /* PBXContainerItemProxy */ = {
			isa = PBXContainerItemProxy;
			containerPortal = D600DE0522BB30CD00718571 /* Project object */;
			proxyType = 1;
			remoteGlobalIDString = D600DE0C22BB30CD00718571;
			remoteInfo = EmojiArt;
		};
/* End PBXContainerItemProxy section */

/* Begin PBXFileReference section */
		D600DE0D22BB30CD00718571 /* EmojiArt.app */ = {isa = PBXFileReference; explicitFileType = wrapper.application; includeInIndex = 0; path = EmojiArt.app; sourceTree = BUILT_PRODUCTS_DIR; };
		D600DE1022BB30CD00718571 /* AppDelegate.swift */ = {isa = PBXFileReference; lastKnownFileType = sourcecode.swift; path = AppDelegate.swift; sourceTree = "<group>"; };
		D600DE1522BB30CD00718571 /* Base */ = {isa = PBXFileReference; lastKnownFileType = file.storyboard; name = Base; path = Base.lproj/Main.storyboard; sourceTree = "<group>"; };
		D600DE1722BB30CE00718571 /* Assets.xcassets */ = {isa = PBXFileReference; lastKnownFileType = folder.assetcatalog; path = Assets.xcassets; sourceTree = "<group>"; };
		D600DE1A22BB30CE00718571 /* Base */ = {isa = PBXFileReference; lastKnownFileType = file.storyboard; name = Base; path = Base.lproj/LaunchScreen.storyboard; sourceTree = "<group>"; };
		D600DE1C22BB30CE00718571 /* Info.plist */ = {isa = PBXFileReference; lastKnownFileType = text.plist.xml; path = Info.plist; sourceTree = "<group>"; };
		D600DE2122BB30CE00718571 /* EmojiArtTests.xctest */ = {isa = PBXFileReference; explicitFileType = wrapper.cfbundle; includeInIndex = 0; path = EmojiArtTests.xctest; sourceTree = BUILT_PRODUCTS_DIR; };
		D600DE2522BB30CE00718571 /* EmojiArtTests.swift */ = {isa = PBXFileReference; lastKnownFileType = sourcecode.swift; path = EmojiArtTests.swift; sourceTree = "<group>"; };
		D600DE2722BB30CE00718571 /* Info.plist */ = {isa = PBXFileReference; lastKnownFileType = text.plist.xml; path = Info.plist; sourceTree = "<group>"; };
		D600DE2C22BB30CE00718571 /* EmojiArtUITests.xctest */ = {isa = PBXFileReference; explicitFileType = wrapper.cfbundle; includeInIndex = 0; path = EmojiArtUITests.xctest; sourceTree = BUILT_PRODUCTS_DIR; };
		D600DE3022BB30CE00718571 /* EmojiArtUITests.swift */ = {isa = PBXFileReference; lastKnownFileType = sourcecode.swift; path = EmojiArtUITests.swift; sourceTree = "<group>"; };
		D600DE3222BB30CE00718571 /* Info.plist */ = {isa = PBXFileReference; lastKnownFileType = text.plist.xml; path = Info.plist; sourceTree = "<group>"; };
		D600DE3F22BB321500718571 /* EmojiArtViewController.swift */ = {isa = PBXFileReference; lastKnownFileType = sourcecode.swift; path = EmojiArtViewController.swift; sourceTree = "<group>"; };
		D600DE4122BB32D400718571 /* EmojiArtView.swift */ = {isa = PBXFileReference; lastKnownFileType = sourcecode.swift; path = EmojiArtView.swift; sourceTree = "<group>"; };
		D600DE4722BF4D5500718571 /* Utilities.swift */ = {isa = PBXFileReference; fileEncoding = 4; lastKnownFileType = sourcecode.swift; path = Utilities.swift; sourceTree = "<group>"; };
		D600DE4B22C0EE9D00718571 /* EmojiArtDocumentTableViewController.swift */ = {isa = PBXFileReference; lastKnownFileType = sourcecode.swift; path = EmojiArtDocumentTableViewController.swift; sourceTree = "<group>"; };
/* End PBXFileReference section */

/* Begin PBXFrameworksBuildPhase section */
		D600DE0A22BB30CD00718571 /* Frameworks */ = {
			isa = PBXFrameworksBuildPhase;
			buildActionMask = 2147483647;
			files = (
			);
			runOnlyForDeploymentPostprocessing = 0;
		};
		D600DE1E22BB30CE00718571 /* Frameworks */ = {
			isa = PBXFrameworksBuildPhase;
			buildActionMask = 2147483647;
			files = (
			);
			runOnlyForDeploymentPostprocessing = 0;
		};
		D600DE2922BB30CE00718571 /* Frameworks */ = {
			isa = PBXFrameworksBuildPhase;
			buildActionMask = 2147483647;
			files = (
			);
			runOnlyForDeploymentPostprocessing = 0;
		};
/* End PBXFrameworksBuildPhase section */

/* Begin PBXGroup section */
		D600DE0422BB30CD00718571 = {
			isa = PBXGroup;
			children = (
				D600DE0F22BB30CD00718571 /* EmojiArt */,
				D600DE2422BB30CE00718571 /* EmojiArtTests */,
				D600DE2F22BB30CE00718571 /* EmojiArtUITests */,
				D600DE0E22BB30CD00718571 /* Products */,
			);
			sourceTree = "<group>";
		};
		D600DE0E22BB30CD00718571 /* Products */ = {
			isa = PBXGroup;
			children = (
				D600DE0D22BB30CD00718571 /* EmojiArt.app */,
				D600DE2122BB30CE00718571 /* EmojiArtTests.xctest */,
				D600DE2C22BB30CE00718571 /* EmojiArtUITests.xctest */,
			);
			name = Products;
			sourceTree = "<group>";
		};
		D600DE0F22BB30CD00718571 /* EmojiArt */ = {
			isa = PBXGroup;
			children = (
				D600DE1422BB30CD00718571 /* Main.storyboard */,
				D600DE4B22C0EE9D00718571 /* EmojiArtDocumentTableViewController.swift */,
				D600DE4122BB32D400718571 /* EmojiArtView.swift */,
				D600DE4722BF4D5500718571 /* Utilities.swift */,
				D600DE3F22BB321500718571 /* EmojiArtViewController.swift */,
				D600DE3E22BB311600718571 /* supporting files */,
				D600DE1C22BB30CE00718571 /* Info.plist */,
			);
			path = EmojiArt;
			sourceTree = "<group>";
		};
		D600DE2422BB30CE00718571 /* EmojiArtTests */ = {
			isa = PBXGroup;
			children = (
				D600DE2522BB30CE00718571 /* EmojiArtTests.swift */,
				D600DE2722BB30CE00718571 /* Info.plist */,
			);
			path = EmojiArtTests;
			sourceTree = "<group>";
		};
		D600DE2F22BB30CE00718571 /* EmojiArtUITests */ = {
			isa = PBXGroup;
			children = (
				D600DE3022BB30CE00718571 /* EmojiArtUITests.swift */,
				D600DE3222BB30CE00718571 /* Info.plist */,
			);
			path = EmojiArtUITests;
			sourceTree = "<group>";
		};
		D600DE3E22BB311600718571 /* supporting files */ = {
			isa = PBXGroup;
			children = (
				D600DE1022BB30CD00718571 /* AppDelegate.swift */,
				D600DE1722BB30CE00718571 /* Assets.xcassets */,
				D600DE1922BB30CE00718571 /* LaunchScreen.storyboard */,
			);
			path = "supporting files";
			sourceTree = "<group>";
		};
/* End PBXGroup section */

/* Begin PBXNativeTarget section */
		D600DE0C22BB30CD00718571 /* EmojiArt */ = {
			isa = PBXNativeTarget;
			buildConfigurationList = D600DE3522BB30CE00718571 /* Build configuration list for PBXNativeTarget "EmojiArt" */;
			buildPhases = (
				D600DE0922BB30CD00718571 /* Sources */,
				D600DE0A22BB30CD00718571 /* Frameworks */,
				D600DE0B22BB30CD00718571 /* Resources */,
			);
			buildRules = (
			);
			dependencies = (
			);
			name = EmojiArt;
			productName = EmojiArt;
			productReference = D600DE0D22BB30CD00718571 /* EmojiArt.app */;
			productType = "com.apple.product-type.application";
		};
		D600DE2022BB30CE00718571 /* EmojiArtTests */ = {
			isa = PBXNativeTarget;
			buildConfigurationList = D600DE3822BB30CE00718571 /* Build configuration list for PBXNativeTarget "EmojiArtTests" */;
			buildPhases = (
				D600DE1D22BB30CE00718571 /* Sources */,
				D600DE1E22BB30CE00718571 /* Frameworks */,
				D600DE1F22BB30CE00718571 /* Resources */,
			);
			buildRules = (
			);
			dependencies = (
				D600DE2322BB30CE00718571 /* PBXTargetDependency */,
			);
			name = EmojiArtTests;
			productName = EmojiArtTests;
			productReference = D600DE2122BB30CE00718571 /* EmojiArtTests.xctest */;
			productType = "com.apple.product-type.bundle.unit-test";
		};
		D600DE2B22BB30CE00718571 /* EmojiArtUITests */ = {
			isa = PBXNativeTarget;
			buildConfigurationList = D600DE3B22BB30CE00718571 /* Build configuration list for PBXNativeTarget "EmojiArtUITests" */;
			buildPhases = (
				D600DE2822BB30CE00718571 /* Sources */,
				D600DE2922BB30CE00718571 /* Frameworks */,
				D600DE2A22BB30CE00718571 /* Resources */,
			);
			buildRules = (
			);
			dependencies = (
				D600DE2E22BB30CE00718571 /* PBXTargetDependency */,
			);
			name = EmojiArtUITests;
			productName = EmojiArtUITests;
			productReference = D600DE2C22BB30CE00718571 /* EmojiArtUITests.xctest */;
			productType = "com.apple.product-type.bundle.ui-testing";
		};
/* End PBXNativeTarget section */

/* Begin PBXProject section */
		D600DE0522BB30CD00718571 /* Project object */ = {
			isa = PBXProject;
			attributes = {
				LastSwiftUpdateCheck = 1020;
				LastUpgradeCheck = 1020;
				ORGANIZATIONNAME = "Lose Tongi";
				TargetAttributes = {
					D600DE0C22BB30CD00718571 = {
						CreatedOnToolsVersion = 10.2.1;
					};
					D600DE2022BB30CE00718571 = {
						CreatedOnToolsVersion = 10.2.1;
						TestTargetID = D600DE0C22BB30CD00718571;
					};
					D600DE2B22BB30CE00718571 = {
						CreatedOnToolsVersion = 10.2.1;
						TestTargetID = D600DE0C22BB30CD00718571;
					};
				};
			};
			buildConfigurationList = D600DE0822BB30CD00718571 /* Build configuration list for PBXProject "EmojiArt" */;
			compatibilityVersion = "Xcode 9.3";
			developmentRegion = en;
			hasScannedForEncodings = 0;
			knownRegions = (
				en,
				Base,
			);
			mainGroup = D600DE0422BB30CD00718571;
			productRefGroup = D600DE0E22BB30CD00718571 /* Products */;
			projectDirPath = "";
			projectRoot = "";
			targets = (
				D600DE0C22BB30CD00718571 /* EmojiArt */,
				D600DE2022BB30CE00718571 /* EmojiArtTests */,
				D600DE2B22BB30CE00718571 /* EmojiArtUITests */,
			);
		};
/* End PBXProject section */

/* Begin PBXResourcesBuildPhase section */
		D600DE0B22BB30CD00718571 /* Resources */ = {
			isa = PBXResourcesBuildPhase;
			buildActionMask = 2147483647;
			files = (
				D600DE1B22BB30CE00718571 /* LaunchScreen.storyboard in Resources */,
				D600DE1822BB30CE00718571 /* Assets.xcassets in Resources */,
				D600DE1622BB30CD00718571 /* Main.storyboard in Resources */,
			);
			runOnlyForDeploymentPostprocessing = 0;
		};
		D600DE1F22BB30CE00718571 /* Resources */ = {
			isa = PBXResourcesBuildPhase;
			buildActionMask = 2147483647;
			files = (
			);
			runOnlyForDeploymentPostprocessing = 0;
		};
		D600DE2A22BB30CE00718571 /* Resources */ = {
			isa = PBXResourcesBuildPhase;
			buildActionMask = 2147483647;
			files = (
			);
			runOnlyForDeploymentPostprocessing = 0;
		};
/* End PBXResourcesBuildPhase section */

/* Begin PBXSourcesBuildPhase section */
		D600DE0922BB30CD00718571 /* Sources */ = {
			isa = PBXSourcesBuildPhase;
			buildActionMask = 2147483647;
			files = (
				D600DE4C22C0EE9D00718571 /* EmojiArtDocumentTableViewController.swift in Sources */,
				D600DE1122BB30CD00718571 /* AppDelegate.swift in Sources */,
				D600DE4022BB321500718571 /* EmojiArtViewController.swift in Sources */,
				D600DE4822BF4D5500718571 /* Utilities.swift in Sources */,
				D600DE4222BB32D400718571 /* EmojiArtView.swift in Sources */,
			);
			runOnlyForDeploymentPostprocessing = 0;
		};
		D600DE1D22BB30CE00718571 /* Sources */ = {
			isa = PBXSourcesBuildPhase;
			buildActionMask = 2147483647;
			files = (
				D600DE2622BB30CE00718571 /* EmojiArtTests.swift in Sources */,
			);
			runOnlyForDeploymentPostprocessing = 0;
		};
		D600DE2822BB30CE00718571 /* Sources */ = {
			isa = PBXSourcesBuildPhase;
			buildActionMask = 2147483647;
			files = (
				D600DE3122BB30CE00718571 /* EmojiArtUITests.swift in Sources */,
			);
			runOnlyForDeploymentPostprocessing = 0;
		};
/* End PBXSourcesBuildPhase section */

/* Begin PBXTargetDependency section */
		D600DE2322BB30CE00718571 /* PBXTargetDependency */ = {
			isa = PBXTargetDependency;
			target = D600DE0C22BB30CD00718571 /* EmojiArt */;
			targetProxy = D600DE2222BB30CE00718571 /* PBXContainerItemProxy */;
		};
		D600DE2E22BB30CE00718571 /* PBXTargetDependency */ = {
			isa = PBXTargetDependency;
			target = D600DE0C22BB30CD00718571 /* EmojiArt */;
			targetProxy = D600DE2D22BB30CE00718571 /* PBXContainerItemProxy */;
		};
/* End PBXTargetDependency section */

/* Begin PBXVariantGroup section */
		D600DE1422BB30CD00718571 /* Main.storyboard */ = {
			isa = PBXVariantGroup;
			children = (
				D600DE1522BB30CD00718571 /* Base */,
			);
			name = Main.storyboard;
			sourceTree = "<group>";
		};
		D600DE1922BB30CE00718571 /* LaunchScreen.storyboard */ = {
			isa = PBXVariantGroup;
			children = (
				D600DE1A22BB30CE00718571 /* Base */,
			);
			name = LaunchScreen.storyboard;
			sourceTree = "<group>";
		};
/* End PBXVariantGroup section */

/* Begin XCBuildConfiguration section */
		D600DE3322BB30CE00718571 /* Debug */ = {
			isa = XCBuildConfiguration;
			buildSettings = {
				ALWAYS_SEARCH_USER_PATHS = NO;
				CLANG_ANALYZER_NONNULL = YES;
				CLANG_ANALYZER_NUMBER_OBJECT_CONVERSION = YES_AGGRESSIVE;
				CLANG_CXX_LANGUAGE_STANDARD = "gnu++14";
				CLANG_CXX_LIBRARY = "libc++";
				CLANG_ENABLE_MODULES = YES;
				CLANG_ENABLE_OBJC_ARC = YES;
				CLANG_ENABLE_OBJC_WEAK = YES;
				CLANG_WARN_BLOCK_CAPTURE_AUTORELEASING = YES;
				CLANG_WARN_BOOL_CONVERSION = YES;
				CLANG_WARN_COMMA = YES;
				CLANG_WARN_CONSTANT_CONVERSION = YES;
				CLANG_WARN_DEPRECATED_OBJC_IMPLEMENTATIONS = YES;
				CLANG_WARN_DIRECT_OBJC_ISA_USAGE = YES_ERROR;
				CLANG_WARN_DOCUMENTATION_COMMENTS = YES;
				CLANG_WARN_EMPTY_BODY = YES;
				CLANG_WARN_ENUM_CONVERSION = YES;
				CLANG_WARN_INFINITE_RECURSION = YES;
				CLANG_WARN_INT_CONVERSION = YES;
				CLANG_WARN_NON_LITERAL_NULL_CONVERSION = YES;
				CLANG_WARN_OBJC_IMPLICIT_RETAIN_SELF = YES;
				CLANG_WARN_OBJC_LITERAL_CONVERSION = YES;
				CLANG_WARN_OBJC_ROOT_CLASS = YES_ERROR;
				CLANG_WARN_RANGE_LOOP_ANALYSIS = YES;
				CLANG_WARN_STRICT_PROTOTYPES = YES;
				CLANG_WARN_SUSPICIOUS_MOVE = YES;
				CLANG_WARN_UNGUARDED_AVAILABILITY = YES_AGGRESSIVE;
				CLANG_WARN_UNREACHABLE_CODE = YES;
				CLANG_WARN__DUPLICATE_METHOD_MATCH = YES;
				CODE_SIGN_IDENTITY = "iPhone Developer";
				COPY_PHASE_STRIP = NO;
				DEBUG_INFORMATION_FORMAT = dwarf;
				ENABLE_STRICT_OBJC_MSGSEND = YES;
				ENABLE_TESTABILITY = YES;
				GCC_C_LANGUAGE_STANDARD = gnu11;
				GCC_DYNAMIC_NO_PIC = NO;
				GCC_NO_COMMON_BLOCKS = YES;
				GCC_OPTIMIZATION_LEVEL = 0;
				GCC_PREPROCESSOR_DEFINITIONS = (
					"DEBUG=1",
					"$(inherited)",
				);
				GCC_WARN_64_TO_32_BIT_CONVERSION = YES;
				GCC_WARN_ABOUT_RETURN_TYPE = YES_ERROR;
				GCC_WARN_UNDECLARED_SELECTOR = YES;
				GCC_WARN_UNINITIALIZED_AUTOS = YES_AGGRESSIVE;
				GCC_WARN_UNUSED_FUNCTION = YES;
				GCC_WARN_UNUSED_VARIABLE = YES;
				IPHONEOS_DEPLOYMENT_TARGET = 12.2;
				MTL_ENABLE_DEBUG_INFO = INCLUDE_SOURCE;
				MTL_FAST_MATH = YES;
				ONLY_ACTIVE_ARCH = YES;
				SDKROOT = iphoneos;
				SWIFT_ACTIVE_COMPILATION_CONDITIONS = DEBUG;
				SWIFT_OPTIMIZATION_LEVEL = "-Onone";
			};
			name = Debug;
		};
		D600DE3422BB30CE00718571 /* Release */ = {
			isa = XCBuildConfiguration;
			buildSettings = {
				ALWAYS_SEARCH_USER_PATHS = NO;
				CLANG_ANALYZER_NONNULL = YES;
				CLANG_ANALYZER_NUMBER_OBJECT_CONVERSION = YES_AGGRESSIVE;
				CLANG_CXX_LANGUAGE_STANDARD = "gnu++14";
				CLANG_CXX_LIBRARY = "libc++";
				CLANG_ENABLE_MODULES = YES;
				CLANG_ENABLE_OBJC_ARC = YES;
				CLANG_ENABLE_OBJC_WEAK = YES;
				CLANG_WARN_BLOCK_CAPTURE_AUTORELEASING = YES;
				CLANG_WARN_BOOL_CONVERSION = YES;
				CLANG_WARN_COMMA = YES;
				CLANG_WARN_CONSTANT_CONVERSION = YES;
				CLANG_WARN_DEPRECATED_OBJC_IMPLEMENTATIONS = YES;
				CLANG_WARN_DIRECT_OBJC_ISA_USAGE = YES_ERROR;
				CLANG_WARN_DOCUMENTATION_COMMENTS = YES;
				CLANG_WARN_EMPTY_BODY = YES;
				CLANG_WARN_ENUM_CONVERSION = YES;
				CLANG_WARN_INFINITE_RECURSION = YES;
				CLANG_WARN_INT_CONVERSION = YES;
				CLANG_WARN_NON_LITERAL_NULL_CONVERSION = YES;
				CLANG_WARN_OBJC_IMPLICIT_RETAIN_SELF = YES;
				CLANG_WARN_OBJC_LITERAL_CONVERSION = YES;
				CLANG_WARN_OBJC_ROOT_CLASS = YES_ERROR;
				CLANG_WARN_RANGE_LOOP_ANALYSIS = YES;
				CLANG_WARN_STRICT_PROTOTYPES = YES;
				CLANG_WARN_SUSPICIOUS_MOVE = YES;
				CLANG_WARN_UNGUARDED_AVAILABILITY = YES_AGGRESSIVE;
				CLANG_WARN_UNREACHABLE_CODE = YES;
				CLANG_WARN__DUPLICATE_METHOD_MATCH = YES;
				CODE_SIGN_IDENTITY = "iPhone Developer";
				COPY_PHASE_STRIP = NO;
				DEBUG_INFORMATION_FORMAT = "dwarf-with-dsym";
				ENABLE_NS_ASSERTIONS = NO;
				ENABLE_STRICT_OBJC_MSGSEND = YES;
				GCC_C_LANGUAGE_STANDARD = gnu11;
				GCC_NO_COMMON_BLOCKS = YES;
				GCC_WARN_64_TO_32_BIT_CONVERSION = YES;
				GCC_WARN_ABOUT_RETURN_TYPE = YES_ERROR;
				GCC_WARN_UNDECLARED_SELECTOR = YES;
				GCC_WARN_UNINITIALIZED_AUTOS = YES_AGGRESSIVE;
				GCC_WARN_UNUSED_FUNCTION = YES;
				GCC_WARN_UNUSED_VARIABLE = YES;
				IPHONEOS_DEPLOYMENT_TARGET = 12.2;
				MTL_ENABLE_DEBUG_INFO = NO;
				MTL_FAST_MATH = YES;
				SDKROOT = iphoneos;
				SWIFT_COMPILATION_MODE = wholemodule;
				SWIFT_OPTIMIZATION_LEVEL = "-O";
				VALIDATE_PRODUCT = YES;
			};
			name = Release;
		};
		D600DE3622BB30CE00718571 /* Debug */ = {
			isa = XCBuildConfiguration;
			buildSettings = {
				ASSETCATALOG_COMPILER_APPICON_NAME = AppIcon;
				CODE_SIGN_STYLE = Automatic;
				DEVELOPMENT_TEAM = B9NH89VUBC;
				INFOPLIST_FILE = EmojiArt/Info.plist;
				LD_RUNPATH_SEARCH_PATHS = (
					"$(inherited)",
					"@executable_path/Frameworks",
				);
				PRODUCT_BUNDLE_IDENTIFIER = edu.byuh.tongi7.EmojiArt;
				PRODUCT_NAME = "$(TARGET_NAME)";
				SWIFT_VERSION = 5.0;
				TARGETED_DEVICE_FAMILY = "1,2";
			};
			name = Debug;
		};
		D600DE3722BB30CE00718571 /* Release */ = {
			isa = XCBuildConfiguration;
			buildSettings = {
				ASSETCATALOG_COMPILER_APPICON_NAME = AppIcon;
				CODE_SIGN_STYLE = Automatic;
				DEVELOPMENT_TEAM = B9NH89VUBC;
				INFOPLIST_FILE = EmojiArt/Info.plist;
				LD_RUNPATH_SEARCH_PATHS = (
					"$(inherited)",
					"@executable_path/Frameworks",
				);
				PRODUCT_BUNDLE_IDENTIFIER = edu.byuh.tongi7.EmojiArt;
				PRODUCT_NAME = "$(TARGET_NAME)";
				SWIFT_VERSION = 5.0;
				TARGETED_DEVICE_FAMILY = "1,2";
			};
			name = Release;
		};
		D600DE3922BB30CE00718571 /* Debug */ = {
			isa = XCBuildConfiguration;
			buildSettings = {
				ALWAYS_EMBED_SWIFT_STANDARD_LIBRARIES = YES;
				BUNDLE_LOADER = "$(TEST_HOST)";
				CODE_SIGN_STYLE = Automatic;
				DEVELOPMENT_TEAM = B9NH89VUBC;
				INFOPLIST_FILE = EmojiArtTests/Info.plist;
				LD_RUNPATH_SEARCH_PATHS = (
					"$(inherited)",
					"@executable_path/Frameworks",
					"@loader_path/Frameworks",
				);
				PRODUCT_BUNDLE_IDENTIFIER = edu.byuh.tongi7.EmojiArtTests;
				PRODUCT_NAME = "$(TARGET_NAME)";
				SWIFT_VERSION = 5.0;
				TARGETED_DEVICE_FAMILY = "1,2";
				TEST_HOST = "$(BUILT_PRODUCTS_DIR)/EmojiArt.app/EmojiArt";
			};
			name = Debug;
		};
		D600DE3A22BB30CE00718571 /* Release */ = {
			isa = XCBuildConfiguration;
			buildSettings = {
				ALWAYS_EMBED_SWIFT_STANDARD_LIBRARIES = YES;
				BUNDLE_LOADER = "$(TEST_HOST)";
				CODE_SIGN_STYLE = Automatic;
				DEVELOPMENT_TEAM = B9NH89VUBC;
				INFOPLIST_FILE = EmojiArtTests/Info.plist;
				LD_RUNPATH_SEARCH_PATHS = (
					"$(inherited)",
					"@executable_path/Frameworks",
					"@loader_path/Frameworks",
				);
				PRODUCT_BUNDLE_IDENTIFIER = edu.byuh.tongi7.EmojiArtTests;
				PRODUCT_NAME = "$(TARGET_NAME)";
				SWIFT_VERSION = 5.0;
				TARGETED_DEVICE_FAMILY = "1,2";
				TEST_HOST = "$(BUILT_PRODUCTS_DIR)/EmojiArt.app/EmojiArt";
			};
			name = Release;
		};
		D600DE3C22BB30CE00718571 /* Debug */ = {
			isa = XCBuildConfiguration;
			buildSettings = {
				ALWAYS_EMBED_SWIFT_STANDARD_LIBRARIES = YES;
				CODE_SIGN_STYLE = Automatic;
				DEVELOPMENT_TEAM = B9NH89VUBC;
				INFOPLIST_FILE = EmojiArtUITests/Info.plist;
				LD_RUNPATH_SEARCH_PATHS = (
					"$(inherited)",
					"@executable_path/Frameworks",
					"@loader_path/Frameworks",
				);
				PRODUCT_BUNDLE_IDENTIFIER = edu.byuh.tongi7.EmojiArtUITests;
				PRODUCT_NAME = "$(TARGET_NAME)";
				SWIFT_VERSION = 5.0;
				TARGETED_DEVICE_FAMILY = "1,2";
				TEST_TARGET_NAME = EmojiArt;
			};
			name = Debug;
		};
		D600DE3D22BB30CE00718571 /* Release */ = {
			isa = XCBuildConfiguration;
			buildSettings = {
				ALWAYS_EMBED_SWIFT_STANDARD_LIBRARIES = YES;
				CODE_SIGN_STYLE = Automatic;
				DEVELOPMENT_TEAM = B9NH89VUBC;
				INFOPLIST_FILE = EmojiArtUITests/Info.plist;
				LD_RUNPATH_SEARCH_PATHS = (
					"$(inherited)",
					"@executable_path/Frameworks",
					"@loader_path/Frameworks",
				);
				PRODUCT_BUNDLE_IDENTIFIER = edu.byuh.tongi7.EmojiArtUITests;
				PRODUCT_NAME = "$(TARGET_NAME)";
				SWIFT_VERSION = 5.0;
				TARGETED_DEVICE_FAMILY = "1,2";
				TEST_TARGET_NAME = EmojiArt;
			};
			name = Release;
		};
/* End XCBuildConfiguration section */

/* Begin XCConfigurationList section */
		D600DE0822BB30CD00718571 /* Build configuration list for PBXProject "EmojiArt" */ = {
			isa = XCConfigurationList;
			buildConfigurations = (
				D600DE3322BB30CE00718571 /* Debug */,
				D600DE3422BB30CE00718571 /* Release */,
			);
			defaultConfigurationIsVisible = 0;
			defaultConfigurationName = Release;
		};
		D600DE3522BB30CE00718571 /* Build configuration list for PBXNativeTarget "EmojiArt" */ = {
			isa = XCConfigurationList;
			buildConfigurations = (
				D600DE3622BB30CE00718571 /* Debug */,
				D600DE3722BB30CE00718571 /* Release */,
			);
			defaultConfigurationIsVisible = 0;
			defaultConfigurationName = Release;
		};
		D600DE3822BB30CE00718571 /* Build configuration list for PBXNativeTarget "EmojiArtTests" */ = {
			isa = XCConfigurationList;
			buildConfigurations = (
				D600DE3922BB30CE00718571 /* Debug */,
				D600DE3A22BB30CE00718571 /* Release */,
			);
			defaultConfigurationIsVisible = 0;
			defaultConfigurationName = Release;
		};
		D600DE3B22BB30CE00718571 /* Build configuration list for PBXNativeTarget "EmojiArtUITests" */ = {
			isa = XCConfigurationList;
			buildConfigurations = (
				D600DE3C22BB30CE00718571 /* Debug */,
				D600DE3D22BB30CE00718571 /* Release */,
			);
			defaultConfigurationIsVisible = 0;
			defaultConfigurationName = Release;
		};
/* End XCConfigurationList section */
	};
	rootObject = D600DE0522BB30CD00718571 /* Project object */;
}
